
Microsoft Visual Studio Solution File, Format Version 12.00
# Visual Studio Version 17
VisualStudioVersion = 17.4.33205.214
MinimumVisualStudioVersion = 10.0.40219.1
Project("{54A90642-561A-4BB1-A94E-469ADEE60C69}") = "frontend", "APIReactProject\frontend.esproj", "{2D78579F-7639-4B17-9CB9-585D4F69EA9C}"
EndProject
Project("{FAE04EC0-301F-11D3-BF4B-00C04F79EFBC}") = "backend", "backend\backend.csproj", "{F6548730-56BB-42F8-A8C5-D2DB94CB7907}"
EndProject
Global
	GlobalSection(SolutionConfigurationPlatforms) = preSolution
		Debug|Any CPU = Debug|Any CPU
		Release|Any CPU = Release|Any CPU
	EndGlobalSection
	GlobalSection(ProjectConfigurationPlatforms) = postSolution
		{2D78579F-7639-4B17-9CB9-585D4F69EA9C}.Debug|Any CPU.ActiveCfg = Debug|Any CPU
		{2D78579F-7639-4B17-9CB9-585D4F69EA9C}.Debug|Any CPU.Build.0 = Debug|Any CPU
		{2D78579F-7639-4B17-9CB9-585D4F69EA9C}.Debug|Any CPU.Deploy.0 = Debug|Any CPU
		{2D78579F-7639-4B17-9CB9-585D4F69EA9C}.Release|Any CPU.ActiveCfg = Release|Any CPU
		{2D78579F-7639-4B17-9CB9-585D4F69EA9C}.Release|Any CPU.Build.0 = Release|Any CPU
		{2D78579F-7639-4B17-9CB9-585D4F69EA9C}.Release|Any CPU.Deploy.0 = Release|Any CPU
		{F6548730-56BB-42F8-A8C5-D2DB94CB7907}.Debug|Any CPU.ActiveCfg = Debug|Any CPU
		{F6548730-56BB-42F8-A8C5-D2DB94CB7907}.Debug|Any CPU.Build.0 = Debug|Any CPU
		{F6548730-56BB-42F8-A8C5-D2DB94CB7907}.Release|Any CPU.ActiveCfg = Release|Any CPU
		{F6548730-56BB-42F8-A8C5-D2DB94CB7907}.Release|Any CPU.Build.0 = Release|Any CPU
	EndGlobalSection
	GlobalSection(SolutionProperties) = preSolution
		HideSolutionNode = FALSE
	EndGlobalSection
	GlobalSection(ExtensibilityGlobals) = postSolution
		SolutionGuid = {63F527E2-86F7-484F-A47C-2B4B4D7D966D}
	EndGlobalSection
EndGlobal
